
Microsoft Visual Studio Solution File, Format Version 12.00
# Visual Studio Version 16
VisualStudioVersion = 16.0.31424.327
MinimumVisualStudioVersion = 10.0.40219.1
Project("{9A19103F-16F7-4668-BE54-9A1E7A4F7556}") = "PowerBIAdmin", "PowerBIAdmin\PowerBIAdmin.csproj", "{EDB68E51-BB3C-40F7-95C1-E9400C3CA2C2}"
EndProject
Project("{9A19103F-16F7-4668-BE54-9A1E7A4F7556}") = "PowerBIAdmin.Repository", "PowerBIAdmin.Repository\PowerBIAdmin.Repository.csproj", "{AFD9C2F6-4699-4B30-8C7B-FEC37176212E}"
EndProject
Project("{FAE04EC0-301F-11D3-BF4B-00C04F79EFBC}") = "PowerBIAdmin.Service", "PowerBIAdmin.Service\PowerBIAdmin.Service.csproj", "{1E71CE3E-28F4-4BD1-A790-8505A7B0A4EA}"
EndProject
Global
	GlobalSection(SolutionConfigurationPlatforms) = preSolution
		Debug|Any CPU = Debug|Any CPU
		Release|Any CPU = Release|Any CPU
	EndGlobalSection
	GlobalSection(ProjectConfigurationPlatforms) = postSolution
		{EDB68E51-BB3C-40F7-95C1-E9400C3CA2C2}.Debug|Any CPU.ActiveCfg = Debug|Any CPU
		{EDB68E51-BB3C-40F7-95C1-E9400C3CA2C2}.Debug|Any CPU.Build.0 = Debug|Any CPU
		{EDB68E51-BB3C-40F7-95C1-E9400C3CA2C2}.Release|Any CPU.ActiveCfg = Release|Any CPU
		{EDB68E51-BB3C-40F7-95C1-E9400C3CA2C2}.Release|Any CPU.Build.0 = Release|Any CPU
		{AFD9C2F6-4699-4B30-8C7B-FEC37176212E}.Debug|Any CPU.ActiveCfg = Debug|Any CPU
		{AFD9C2F6-4699-4B30-8C7B-FEC37176212E}.Debug|Any CPU.Build.0 = Debug|Any CPU
		{AFD9C2F6-4699-4B30-8C7B-FEC37176212E}.Release|Any CPU.ActiveCfg = Release|Any CPU
		{AFD9C2F6-4699-4B30-8C7B-FEC37176212E}.Release|Any CPU.Build.0 = Release|Any CPU
		{1E71CE3E-28F4-4BD1-A790-8505A7B0A4EA}.Debug|Any CPU.ActiveCfg = Debug|Any CPU
		{1E71CE3E-28F4-4BD1-A790-8505A7B0A4EA}.Debug|Any CPU.Build.0 = Debug|Any CPU
		{1E71CE3E-28F4-4BD1-A790-8505A7B0A4EA}.Release|Any CPU.ActiveCfg = Release|Any CPU
		{1E71CE3E-28F4-4BD1-A790-8505A7B0A4EA}.Release|Any CPU.Build.0 = Release|Any CPU
	EndGlobalSection
	GlobalSection(SolutionProperties) = preSolution
		HideSolutionNode = FALSE
	EndGlobalSection
	GlobalSection(ExtensibilityGlobals) = postSolution
		SolutionGuid = {BEF1865B-AC58-4FE3-B17F-3231416E158A}
	EndGlobalSection
EndGlobal
